{
    "_meta": {
        "hash": {
            "sha256": "f1fc0950de3c3af17bea59515efc7a8d304d82b1dcf991368a787a9e13cfb729"
        },
        "pipfile-spec": 6,
        "requires": {
            "python_version": "3.9"
        },
        "sources": [
            {
                "name": "pypi",
                "url": "https://pypi.org/simple",
                "verify_ssl": true
            },
            {
                "name": "pytorch-cu113",
                "url": "https://download.pytorch.org/whl/cu113/",
                "verify_ssl": true
            }
        ]
    },
    "default": {
        "absl-py": {
            "hashes": [
                "sha256:8dbe6a5242f554989791a274a83bb46920b0d83011fb9fbad7b043e6cc8c3609"
            ],
            "version": "==1.0.0+computecanada"
        },
        "aiohttp": {
            "hashes": [
                "sha256:5b805e8999da123613affe34bbfaf76948385a4d897f7378b93f2add3e923160",
                "sha256:882d31995eb59a5cc610790497fd25d3123ebc56a36d7c8b1bdf2a6eafd7aace",
                "sha256:ff90187fe123ff4a9b5c20268011a93ac8184dd9bbff2fe98e87202639beac44"
            ],
            "version": "==3.7.4.post0+computecanada"
        },
        "async-timeout": {
            "hashes": [
                "sha256:bdd11da8c91757990ddbb7e1d5c89ea97021455308d18f1141e19cdbb92853d1"
            ],
            "version": "==3.0.1+computecanada"
        },
        "attrs": {
            "hashes": [
                "sha256:a36e4e5bcfece3028b4dcbeccedcce074587b94bab11ee5fdd8b21b73fd3c382"
            ],
            "version": "==21.4.0+computecanada"
        },
        "cachetools": {
            "hashes": [
                "sha256:486471dfa8799eb7ec503a8059e263db000cdda20075ce5e48903087f79d5fd6",
                "sha256:8fecd4203a38af17928be7b90689d8083603073622229ca7077b72d8e5a976e4"
            ],
            "markers": "python_version ~= '3.7'",
            "version": "==5.0.0"
        },
        "certifi": {
            "hashes": [
                "sha256:ceb702b7940359e32618c42c62157e02f05c5e34f8611b23630a94b56501f67c"
            ],
            "version": "==2021.10.8+computecanada"
        },
        "chardet": {
            "hashes": [
                "sha256:e1554ad78a6ce7223e272e3adbc5d0bcaa8a35e34baabc3736e16a26c7d78c3a"
            ],
            "version": "==4.0.0+computecanada"
        },
        "charset-normalizer": {
            "hashes": [
                "sha256:2857e29ff0d34db842cd7ca3230549d1a697f96ee6d3fb071cfa6c7393832597",
                "sha256:6881edbebdb17b39b4eaaa821b438bf6eddffb4468cf344f09f89def34a8b1df"
            ],
            "markers": "python_version >= '3'",
            "version": "==2.0.12"
        },
        "click": {
            "hashes": [
                "sha256:6a7a62563bbfabfda3a38f3023a1db4a35978c0abd76f6c9605ecd6554d6d9b1",
                "sha256:8458d7b1287c5fb128c90e23381cf99dcde74beaf6c7ff6384ce84d6fe090adb"
            ],
            "markers": "python_version >= '3.6'",
            "version": "==8.0.4"
        },
        "docker-pycreds": {
            "hashes": [
                "sha256:e6bb8780fe25772de700aad54f72f01f151a44d76a105fe76b02da8397238c7c"
            ],
            "version": "==0.4.0+computecanada"
        },
        "fsspec": {
            "extras": [
                "http"
            ],
            "hashes": [
                "sha256:20322c659538501f52f6caa73b08b2ff570b7e8ea30a86559721d090e473ad5c",
                "sha256:eb9c9d9aee49d23028deefffe53e87c55d3515512c63f57e893710301001449a"
            ],
            "markers": "python_version >= '3.7'",
            "version": "==2022.2.0"
        },
        "future": {
            "hashes": [
                "sha256:c9015bfadd9dab9f127553673cd913c44acc41985c1843de53598d352d47e579",
                "sha256:f366e8858f2b0dd49fc185c3abd8e44710952307e4aab77134a66d6874f9d243"
            ],
            "version": "==0.18.2+computecanada"
        },
        "gitdb": {
            "hashes": [
                "sha256:bfa73648e5900842b234e9c200290d70fc87245f2da0935a6cc56426404927a5"
            ],
            "version": "==4.0.9+computecanada"
        },
        "gitpython": {
            "hashes": [
                "sha256:1c885ce809e8ba2d88a29befeb385fcea06338d3640712b59ca623c220bb5704",
                "sha256:5b68b000463593e05ff2b261acff0ff0972df8ab1b70d3cdbd41b546c8b8fc3d"
            ],
            "markers": "python_version >= '3.7'",
            "version": "==3.1.27"
        },
        "google-auth": {
            "hashes": [
                "sha256:218ca03d7744ca0c8b6697b6083334be7df49b7bf76a69d555962fd1a7657b5f",
                "sha256:ad160fc1ea8f19e331a16a14a79f3d643d813a69534ba9611d2c80dc10439dad"
            ],
            "markers": "python_version >= '2.7' and python_version not in '3.0, 3.1, 3.2, 3.3, 3.4, 3.5'",
            "version": "==2.6.0"
        },
        "google-auth-oauthlib": {
            "hashes": [
                "sha256:c16f83f94f486ff06a9f293a8793a39ed608841f37a46231c9066e75ba5b4c81"
            ],
            "version": "==0.4.6+computecanada"
        },
        "grpcio": {
            "hashes": [
                "sha256:6b4a2d3620ea8693f993ac7b2e0bc86dd2488a74f364b48900ed0dfc1c0981d4",
                "sha256:886929ab2321b6889dd069060082ec1997954ed8ec29f13159242501a0f4b564",
                "sha256:a01d47c39e182443ab74b0d8d2b8e0eaf4d78cc62817b2be46a24cfa048c8932"
            ],
            "version": "==1.44.0+computecanada"
        },
        "idna": {
            "hashes": [
                "sha256:0780fea546774697d63678365fb54f01fcb4da4fe98b7dea151fc29c849ffbf2"
            ],
            "markers": "python_version >= '3'",
            "version": "==3.3+computecanada"
        },
        "importlib-metadata": {
            "hashes": [
                "sha256:1208431ca90a8cca1a6b8af391bb53c1a2db74e5d1cef6ddced95d4b2062edc6",
                "sha256:ea4c597ebf37142f827b8f39299579e31685c31d3a438b59f469406afd0f2539"
            ],
            "markers": "python_version < '3.10'",
            "version": "==4.11.3"
        },
        "markdown": {
            "hashes": [
                "sha256:5f496549a3a63e542f28ddc69f7a736343186e244376bc5295437643365c8854"
            ],
            "version": "==3.3.6+computecanada"
        },
        "multidict": {
            "hashes": [
                "sha256:8f5770a2eabe81a7db46614aab26612b6876fc52abfd2bff2d52cfbc4d676312",
                "sha256:956b2fe161f86da514b9a5fc5c8e47dfcb64acdf5fa017d4661f085e74ff5429",
                "sha256:a4ebdb441fc6686e05b22068088797e38c279ae1e29e6010823a70512c94a9b6"
            ],
            "version": "==5.1.0+computecanada"
        },
        "numpy": {
            "hashes": [
                "sha256:24a99a0c4f75a8651630345eb00af57a80f21df739f91bcc7cddbb52c1721dba",
                "sha256:3b4329b7a1c700a0fb1187b6adb16142476106627ebbc1bc56d996c151fb4957",
                "sha256:871f611a54822c32271bad869a310baa093a1844fd4b0169c4e8ca93599fb5ea"
            ],
            "version": "==1.22.2+computecanada"
        },
        "oauthlib": {
            "hashes": [
                "sha256:23a8208d75b902797ea29fd31fa80a15ed9dc2c6c16fe73f5d346f83f6fa27a2",
                "sha256:6db33440354787f9b7f3a6dbd4febf5d0f93758354060e802f6c06cb493022fe"
            ],
            "markers": "python_version >= '3.6'",
            "version": "==3.2.0"
        },
        "packaging": {
            "hashes": [
                "sha256:d4c5bf020f96666b4dfdd47789d4cd3040aa2febb6d106f3ca213bfb5579f710"
            ],
            "version": "==21.3+computecanada"
        },
        "pathtools": {
            "hashes": [
                "sha256:2c550859d132002ed0e7e6b788e0b905ffb6e1d24663f204a6dc7caebe4c6fe5",
                "sha256:570b875968392cd86dbd17cd55111fa297cbf98515dbb06cb4d08a62a631d06e"
            ],
            "version": "==0.1.2+computecanada"
        },
        "pillow": {
            "hashes": [
                "sha256:4c8a3e01143132c660b35180be4398ce6f1e881201dcb3fb8ce9faea90c0dab3",
                "sha256:619994af70e16286166be4b484d56c58de268a4e6bfb59e720bc16202eaa1c4c",
                "sha256:871e71595db95aeb9776ccd5a3ce87b46772c4145dea3d95fe39d7b73e113cde"
            ],
            "version": "==9.0.1+computecanada"
        },
        "promise": {
            "hashes": [
                "sha256:22fc9776fbc84fa9126da298816899f84c9adffd8cfe69fa4fa676df9222df53"
            ],
            "version": "==2.3+computecanada"
        },
        "protobuf": {
            "hashes": [
                "sha256:71c0abf7d9647a4156bd0a9cc3fee2a27560e1548662192bf85c8187d4a6eb95"
            ],
            "version": "==3.19.4+computecanada"
        },
        "psutil": {
            "hashes": [
                "sha256:78e1f97cd9c7fcd2f07239b3084ab681a5f8b1f1a6803dd4c43c651f7767e80e",
                "sha256:b4eaa9e5255f383228ef0f333b58f1a71677a453114c146db586d5d4c436b022",
                "sha256:ba89319f2ba563768f1d71f50324abbbaddb8de47fa0e07b0f8c7af7567ac6f1"
            ],
            "version": "==5.9.0+computecanada"
        },
        "pyasn1": {
            "hashes": [
                "sha256:d02242a80ab1c8bd7b498062bb152379bf7a3c775aac5e275ec0694131456c76"
            ],
            "version": "==0.4.8+computecanada"
        },
        "pyasn1-modules": {
            "hashes": [
                "sha256:501aca3e8d3f2067f4c79cd8be9df0468da87875d73e40754acfde37ff499c6d"
            ],
            "version": "==0.2.8+computecanada"
        },
        "pydeprecate": {
            "hashes": [
                "sha256:bb4eeacf79b1b63753f5114127f8162998c5fba8bfda5283dec723b15bc094d8"
            ],
            "version": "==0.3.1+computecanada"
        },
        "pyparsing": {
            "hashes": [
                "sha256:f1c99dace8b99c5da2b2afe44fd0b6a27fae91d1e0da28aeffff29d9fbed053f"
            ],
            "version": "==3.0.7+computecanada"
        },
        "python-dateutil": {
            "hashes": [
                "sha256:1aee0aaa9dda51ba3a40df594b814cd824874fff6dfd3d3a243fe9665bcc8d2b"
            ],
            "version": "==2.8.2+computecanada"
        },
        "pytorch-lightning": {
            "hashes": [
                "sha256:119e5a0ad0678444c0bbf95755da571e5e372ab12df7c6115ddd26e364a8ddfa",
                "sha256:c86ed633ce8d25667797635db3ea1fe9fe6b51121d43d7031d5bdb4c5b046895"
            ],
            "index": "pypi",
            "version": "==1.5.10"
        },
        "pyyaml": {
            "hashes": [
                "sha256:356ccac05eb49ff25e5982e266a2c337260956451063573bac95852a43d70328",
                "sha256:796087e7f9d6d3fed4d3d00cfea4461f5d2a2e951690a4ca25564d51135de709",
                "sha256:eee2079fab7f1a674f62b437682707fbde5a87c3a554e5ae6513fc9870129d02"
            ],
            "version": "==6.0+computecanada"
        },
        "requests": {
            "hashes": [
                "sha256:71a401721f99b7d84aeb6a1384bbe61dc12e416dac0a5dd27be4437690822a6f"
            ],
            "version": "==2.27.1+computecanada"
        },
        "requests-oauthlib": {
            "hashes": [
                "sha256:2577c501a2fb8d05a304c09d090d6e47c306fef15809d102b327cf8364bddab5",
                "sha256:75beac4a47881eeb94d5ea5d6ad31ef88856affe2332b9aafb52c6452ccf0d7a"
            ],
            "markers": "python_version >= '2.7' and python_version not in '3.0, 3.1, 3.2, 3.3'",
            "version": "==1.3.1"
        },
        "rsa": {
            "hashes": [
                "sha256:ede4d48d23ed2259e943850baae0524608e7551de463ed20833d4cba20f9acbd"
            ],
            "markers": "python_version >= '3.6'",
            "version": "==4.8+computecanada"
        },
        "sentry-sdk": {
            "hashes": [
                "sha256:411a8495bd18cf13038e5749e4710beb4efa53da6351f67b4c2f307c2d9b6d49",
                "sha256:aa52da941c56b5a76fd838f8e9e92a850bf893a9eb1e33ffce6c21431d07ee30"
            ],
            "version": "==1.5.7"
        },
        "setproctitle": {
            "hashes": [
                "sha256:077943272d0490b3f43d17379432d5e49c263f608fdf4cf624b419db762ca72b",
                "sha256:0d160d46c8f3567e0aa27b26b1f36e03122e3de475aacacc14a92b8fe45b648a",
                "sha256:0df728d0d350e6b1ad8436cc7add052faebca6f4d03257182d427d86d4422065",
                "sha256:17598f38be9ef499d74f2380bf76b558be72e87da75d66b153350e586649171b",
                "sha256:249526a06f16d493a2cb632abc1b1fdfaaa05776339a50dd9f27c941f6ff1383",
                "sha256:28b884e1cb9a53974e15838864283f9bad774b5c7db98c9609416bd123cb9fd1",
                "sha256:30bc7a769a4451639a0adcbc97bdf7a6e9ac0ef3ddad8d63eb1e338edb3ebeda",
                "sha256:3f6136966c81daaf5b4b010613fe33240a045a4036132ef040b623e35772d998",
                "sha256:4fc5bebd34f451dc87d2772ae6093adea1ea1dc29afc24641b250140decd23bb",
                "sha256:5260e8700c5793d48e79c5e607e8e552e795b698491a4b9bb9111eb74366a450",
                "sha256:7dfb472c8852403d34007e01d6e3c68c57eb66433fb8a5c77b13b89a160d97df",
                "sha256:9106bcbacae534b6f82955b176723f1b2ca6514518aab44dffec05a583f8dca8",
                "sha256:970798d948f0c90a3eb0f8750f08cb215b89dcbee1b55ffb353ad62d9361daeb",
                "sha256:a11d329f33221443317e2aeaee9442f22fcae25be3aa4fb8489e4f7b1f65cdd2",
                "sha256:ba1fb32e7267330bd9f72e69e076777a877f1cb9be5beac5e62d1279e305f37f",
                "sha256:bc4393576ed3ac87ddac7d1bd0faaa2fab24840a025cc5f3c21d14cf0c9c8a12",
                "sha256:c611f65bc9de5391a1514de556f71101e6531bb0715d240efd3e9732626d5c9e",
                "sha256:e13a5c1d9c369cb11cdfc4b75be432b83eb3205c95a69006008ffd4366f87b9e",
                "sha256:e696c93d93c23f377ccd2d72e38908d3dbfc90e45561602b805f53f2627d42ea",
                "sha256:e8ef655eab26e83ec105ce79036bb87e5f2bf8ba2d6f48afdd9595ef7647fcf4",
                "sha256:fbf914179dc4540ee6bfd8228b4cc1f1f6fb12dad66b72b5c9b955b222403220"
            ],
            "markers": "python_version >= '3.6'",
            "version": "==1.2.2"
        },
        "setuptools": {
            "hashes": [
                "sha256:6d10741ff20b89cd8c6a536ee9dc90d3002dec0226c78fb98605bfb9ef8a7adf",
                "sha256:d144f85102f999444d06f9c0e8c737fd0194f10f2f7e5fdb77573f6e2fa4fad0"
            ],
            "markers": "python_version >= '3.6'",
            "version": "==59.5.0"
        },
        "shortuuid": {
            "hashes": [
                "sha256:44a7a86bcf24dbaba2e626cf80c779926b7c3a0d31a3a013e0d3cd1077707d23",
                "sha256:9435e87e5a64f3b92f7110c81f989a3b7bdb9358e22d2359829167da476cfc23"
            ],
            "markers": "python_version >= '3.5'",
            "version": "==1.0.8"
        },
        "six": {
            "hashes": [
                "sha256:558b22b3c5ec7af6bdb9f3ba74fa18bda3835ca962591fd877cbbf9e8c2701b8"
            ],
            "version": "==1.16.0+computecanada"
        },
        "smmap": {
            "hashes": [
                "sha256:fc5f8c70175452ee11197410b18e9fd797aade15ba98c600b781e5c1868a202e"
            ],
            "version": "==5.0.0+computecanada"
        },
        "tensorboard": {
            "hashes": [
                "sha256:2d733953dd207893bd4e14fc430f2558752f8d3bcc7890f6d1abc4f4a5e88f36"
            ],
            "version": "==2.8.0+computecanada"
        },
        "tensorboard-data-server": {
            "hashes": [
                "sha256:6f3714e437b0de02990ac94ae85319333eadcb54646db87ddff3a1e113ae4d58"
            ],
            "version": "==0.6.1+computecanada"
        },
        "tensorboard-plugin-wit": {
            "hashes": [
                "sha256:ff26bdd583d155aa951ee3b152b3d0cffae8005dc697f72b44a8e8c2a77a8cbe"
            ],
            "version": "==1.8.1"
        },
        "termcolor": {
            "hashes": [
                "sha256:6ad0d1ee1fc23298aae86f67c67eeec59f603db2ffab6aaa5f5bac0d725bf45c",
                "sha256:d88187a73711c24e8550a7965dd387134778d27d74cf521c67a00ad67d0e46e8"
            ],
            "version": "==1.1.0+computecanada"
        },
        "torch": {
            "hashes": [
                "sha256:0f1d15f38bf2440b60f7a435e207d4fbcfb5dc2868c2ab9b96de61fdad395966",
                "sha256:1db379fd49122aae782ef06b538a8b15a1f438bb47be0e35a3e9c01d6171eafc",
                "sha256:3766adf720a7da0d57cafbfd6b8bf75ceed41c91432a4b116ba47cc2f272c091",
                "sha256:4dd6177b1233b9d02308f01e2e4ac1ec746c643268917eb3614dff353d5bd4fc",
                "sha256:64ca6c937122ee49bc7336eb68622e8d107788dd4b544da716dbbe13cbfd8d0d",
                "sha256:75e38ae2f29b1065ada9e492b85ea188a76cc19b0d5ecef3f6b8dbe76981812e",
                "sha256:f170351d38b87dcddd06518e5e1d859d87b8ec728a0ce9f4fb74dd913343727d",
                "sha256:fc1a87faa60a49fe7c3033cb8ee3bb240d10cf2485ae4ed574bff51636135aea"
            ],
            "index": "pytorch-cu113",
            "version": "==1.10.1+cu113"
        },
        "torchaudio": {
            "hashes": [
                "sha256:14e0bae69297d0f707b2112ff5398fe4b7fe941cbde0330504414d01f975a201",
                "sha256:1b3fa63f9c8b2951c376ff8c51ec4019999f12ab81146c80f16112e7830bbe3d",
                "sha256:22e2e2b38390525e911816e65ce3445d7a5ad3c617024060ae970eaa37976a42",
                "sha256:70b3d1c80808e088382987ba2a690056271dc594d013a35f86a236f114c16184",
                "sha256:b5e819ec0ca9792de946403afb1ac555e43eb36c16b28f55972fb167ebf7fe7e",
                "sha256:c40fdbc383b499356982e144cefaaf78360d94b0a789811782077abb5a70e1e2",
                "sha256:daf6bd88b9a2bdee8d24d4fc517f0385207061849337686ace73caebd2fe9a02",
                "sha256:ed0765d8936672b5906651254988dbe61a7d987c0dc3633de9d8abb2db981aa9"
            ],
            "index": "pytorch-cu113",
            "version": "==0.10.1+cu113"
        },
        "torchmetrics": {
            "hashes": [
                "sha256:af03334c4a33fc32a9a40b037b1ce3ff6273ea9a0050c11ddde29bf1335da95e",
                "sha256:d0fbf8440912ef93f22e21bae43fda8fa26a651313acc3ea93beafe3c86dd474"
            ],
            "markers": "python_version >= '3.6'",
            "version": "==0.7.2"
        },
        "torchvision": {
            "hashes": [
                "sha256:3bff981e55450a62e28315642bb4bcc6d5de89cc3bd6402210315e94dbd41688",
                "sha256:5c187c6374359f80adf0faaba385138e30c9198ce9f117b3e345f0dee8754433",
                "sha256:9c7f197393ed99276bafe95dd85da75be122c47eb99157362d81861c0f74ca2d",
                "sha256:b88e82da9e2fd33cba8182a994dbe367e7bd7ef4f580ef3561d44aa9f3fc65a6",
                "sha256:bae71da2e1444fe22acf8fd7f08ac4f821fb056d45e6e5da69b52c9788a0f8aa",
                "sha256:c267fe3821749ec466eed8de4791d68c58c977966aa771eb4af05e06cc286925",
                "sha256:c3e4c0884ef75b02dca415d3a16ba06dd1d8bb24e806adebd9e22e5cfdbb52dd",
                "sha256:ccd8825b96e94546574963deeeaa6e289992a9ed17d619792b3e6316d111d7a2"
            ],
            "index": "pytorch-cu113",
            "version": "==0.11.2+cu113"
        },
        "tqdm": {
            "hashes": [
                "sha256:facae8a615827bb164d91fa5ca932d320e420a6c75fb35371cc87736f0168b74"
            ],
            "index": "pypi",
            "version": "==4.63.0+computecanada"
        },
        "typing-extensions": {
            "hashes": [
                "sha256:1a9462dcc3347a79b1f1c0271fbe79e844580bb598bafa1ed208b94da3cdcd42",
                "sha256:21c85e0fe4b9a155d0799430b0ad741cdce7e359660ccbd8b530613e8df88ce2"
            ],
            "markers": "python_version >= '3.6'",
            "version": "==4.1.1"
        },
        "urllib3": {
            "hashes": [
                "sha256:cc603f20582521d9ce3c760447c8a6447f545d3d1c1d30068b814bf03af3f9d0"
            ],
            "version": "==1.26.8+computecanada"
        },
        "wandb": {
            "hashes": [
                "sha256:3a8637ae1b580d5839bde4792d9c31ecd40392ae8a245874391edd82c74e7b17",
                "sha256:808c832a109cdd49f85226446b4224c77ff3bd81c0a9470e8fce43e5306a39a0"
            ],
            "index": "pypi",
            "version": "==0.12.11"
        },
        "werkzeug": {
            "hashes": [
                "sha256:af96fb58d1ea4e157265fe4d991ecca2335614e7a3491897f0f0896a62cf5c7c"
            ],
            "version": "==2.0.3+computecanada"
        },
        "wheel": {
            "hashes": [
                "sha256:4bdcd7d840138086126cd09254dc6195fb4fc6f01c050a1d7236f2630db1d22a",
                "sha256:e9a504e793efbca1b8e0e9cb979a249cf4a0a7b5b8c9e8b65a5e39d49529c1c4"
            ],
            "markers": "python_version >= '2.7' and python_version not in '3.0, 3.1, 3.2, 3.3, 3.4'",
            "version": "==0.37.1"
        },
        "yarl": {
            "hashes": [
                "sha256:a13135f38a0814432721ddbd53dbfa178aeb2b96d01d0c174effa0184b8db123",
                "sha256:a15ece66564adf7625b3ae2a329c0a919dffa34f542f98eaffc68177813df994",
                "sha256:b4e2eb9199747c18d4282e5066863a0f93bab0f9bbe8e7646110859ffbc76d68"
            ],
            "version": "==1.6.3+computecanada"
        },
        "yaspin": {
            "hashes": [
                "sha256:ed18da434042f06a814d17b09b49d7f94355d5cf3472d3e325937f475a230390"
            ],
            "version": "==2.1.0+computecanada"
        },
        "zipp": {
            "hashes": [
                "sha256:c7e58cb35e6527618084ef67d3560a83ed73e44e22287accb232f4ca5add06c6"
            ],
            "version": "==3.7.0+computecanada"
        }
    },
    "develop": {}
}
